
Microsoft Visual Studio Solution File, Format Version 12.00
# Visual Studio Version 17
VisualStudioVersion = 17.1.32421.90
MinimumVisualStudioVersion = 10.0.40219.1
Project("{FAE04EC0-301F-11D3-BF4B-00C04F79EFBC}") = "Array_implementation", "Array_implementation\Array_implementation.csproj", "{6CC66F00-1EF9-4EB2-AD7B-BEDE0FAF76A8}"
EndProject
Global
	GlobalSection(SolutionConfigurationPlatforms) = preSolution
		Debug|Any CPU = Debug|Any CPU
		Release|Any CPU = Release|Any CPU
	EndGlobalSection
	GlobalSection(ProjectConfigurationPlatforms) = postSolution
		{6CC66F00-1EF9-4EB2-AD7B-BEDE0FAF76A8}.Debug|Any CPU.ActiveCfg = Debug|Any CPU
		{6CC66F00-1EF9-4EB2-AD7B-BEDE0FAF76A8}.Debug|Any CPU.Build.0 = Debug|Any CPU
		{6CC66F00-1EF9-4EB2-AD7B-BEDE0FAF76A8}.Release|Any CPU.ActiveCfg = Release|Any CPU
		{6CC66F00-1EF9-4EB2-AD7B-BEDE0FAF76A8}.Release|Any CPU.Build.0 = Release|Any CPU
	EndGlobalSection
	GlobalSection(SolutionProperties) = preSolution
		HideSolutionNode = FALSE
	EndGlobalSection
	GlobalSection(ExtensibilityGlobals) = postSolution
		SolutionGuid = {0429B029-8174-4333-9167-ED312D77FF27}
	EndGlobalSection
EndGlobal
